{
  "lockfileVersion": 1,
  "configVersion": 0,
  "workspaces": {
    "": {
      "name": "semaphore-pay-backend",
      "dependencies": {
        "@hono/zod-validator": "^0.8.0",
        "@semaphore-pay/server": "^0.1.39",
        "better-auth": "^1.6.23",
        "drizzle-orm": "^0.45.2",
        "hono": "^4.12.27",
        "zod": "^4.4.3",
      },
      "devDependencies": {
        "@types/node": "^26.1.0",
        "drizzle-kit": "^0.31.10",
        "prettierrc": "^0.0.0-5",
        "wrangler": "^4.107.0",
      },
    },
  },
  "packages": {
    "@better-auth/core": ["@better-auth/core@1.6.23", "", { "dependencies": { "@opentelemetry/semantic-conventions": "^1.39.0", "@standard-schema/spec": "^1.1.0", "zod": "^4.3.6" }, "peerDependencies": { "@better-auth/utils": "0.4.2", "@better-fetch/fetch": "1.3.1", "@cloudflare/workers-types": ">=4", "@opentelemetry/api": "^1.9.0", "better-call": "1.3.7", "jose": "^6.1.0", "kysely": "^0.28.5 || ^0.29.0", "nanostores": "^1.0.1" }, "optionalPeers": ["@cloudflare/workers-types", "@opentelemetry/api"] }, ""],

    "@better-auth/drizzle-adapter": ["@better-auth/drizzle-adapter@1.6.23", "", { "peerDependencies": { "@better-auth/core": "^1.6.23", "@better-auth/utils": "0.4.2", "drizzle-orm": "^0.45.2" } }, ""],

    "@better-auth/kysely-adapter": ["@better-auth/kysely-adapter@1.6.23", "", { "peerDependencies": { "@better-auth/core": "^1.6.23", "@better-auth/utils": "0.4.2", "kysely": "^0.28.17 || ^0.29.0" } }, ""],

    "@better-auth/memory-adapter": ["@better-auth/memory-adapter@1.6.23", "", { "peerDependencies": { "@better-auth/core": "^1.6.23", "@better-auth/utils": "0.4.2" } }, ""],

    "@better-auth/mongo-adapter": ["@better-auth/mongo-adapter@1.6.23", "", { "peerDependencies": { "@better-auth/core": "^1.6.23", "@better-auth/utils": "0.4.2", "mongodb": "^6.0.0 || ^7.0.0" }, "optionalPeers": ["mongodb"] }, ""],

    "@better-auth/prisma-adapter": ["@better-auth/prisma-adapter@1.6.23", "", { "peerDependencies": { "@better-auth/core": "^1.6.23", "@better-auth/utils": "0.4.2", "@prisma/client": "^5.0.0 || ^6.0.0 || ^7.0.0", "prisma": "^5.0.0 || ^6.0.0 || ^7.0.0" }, "optionalPeers": ["@prisma/client", "prisma"] }, ""],

    "@better-auth/telemetry": ["@better-auth/telemetry@1.6.23", "", { "peerDependencies": { "@better-auth/core": "^1.6.23", "@better-auth/utils": "0.4.2", "@better-fetch/fetch": "1.3.1" } }, ""],

    "@better-auth/utils": ["@better-auth/utils@0.4.2", "", { "dependencies": { "@noble/hashes": "^2.0.1" } }, ""],

    "@better-fetch/fetch": ["@better-fetch/fetch@1.3.1", "", {}, ""],

    "@cloudflare/kv-asset-handler": ["@cloudflare/kv-asset-handler@0.5.0", "", {}, ""],

    "@cloudflare/unenv-preset": ["@cloudflare/unenv-preset@2.16.1", "", { "peerDependencies": { "unenv": "2.0.0-rc.24", "workerd": ">1.20260305.0 <2.0.0-0" } }, ""],

    "@cloudflare/workerd-linux-64": ["@cloudflare/workerd-linux-64@1.20260701.1", "", { "os": "linux", "cpu": "x64" }, ""],

    "@cspotcode/source-map-support": ["@cspotcode/source-map-support@0.8.1", "", { "dependencies": { "@jridgewell/trace-mapping": "0.3.9" } }, ""],

    "@drizzle-team/brocli": ["@drizzle-team/brocli@0.10.2", "", {}, ""],

    "@esbuild-kit/core-utils": ["@esbuild-kit/core-utils@3.3.2", "", { "dependencies": { "esbuild": "~0.18.20", "source-map-support": "^0.5.21" } }, ""],

    "@esbuild-kit/esm-loader": ["@esbuild-kit/esm-loader@2.6.5", "", { "dependencies": { "@esbuild-kit/core-utils": "^3.3.2", "get-tsconfig": "^4.7.0" } }, ""],

    "@esbuild/linux-x64": ["@esbuild/linux-x64@0.25.12", "", { "os": "linux", "cpu": "x64" }, ""],

    "@hono/zod-validator": ["@hono/zod-validator@0.8.0", "", { "peerDependencies": { "hono": ">=4.10.0", "zod": "^3.25.0 || ^4.0.0" } }, ""],

    "@img/colour": ["@img/colour@1.1.0", "", {}, ""],

    "@img/sharp-libvips-linux-x64": ["@img/sharp-libvips-linux-x64@1.2.4", "", { "os": "linux", "cpu": "x64" }, ""],

    "@img/sharp-libvips-linuxmusl-x64": ["@img/sharp-libvips-linuxmusl-x64@1.2.4", "", { "os": "linux", "cpu": "x64" }, ""],

    "@img/sharp-linux-x64": ["@img/sharp-linux-x64@0.34.5", "", { "optionalDependencies": { "@img/sharp-libvips-linux-x64": "1.2.4" }, "os": "linux", "cpu": "x64" }, ""],

    "@img/sharp-linuxmusl-x64": ["@img/sharp-linuxmusl-x64@0.34.5", "", { "optionalDependencies": { "@img/sharp-libvips-linuxmusl-x64": "1.2.4" }, "os": "linux", "cpu": "x64" }, ""],

    "@ioredis/commands": ["@ioredis/commands@1.10.0", "", {}, ""],

    "@jridgewell/resolve-uri": ["@jridgewell/resolve-uri@3.1.2", "", {}, ""],

    "@jridgewell/sourcemap-codec": ["@jridgewell/sourcemap-codec@1.5.5", "", {}, ""],

    "@jridgewell/trace-mapping": ["@jridgewell/trace-mapping@0.3.9", "", { "dependencies": { "@jridgewell/resolve-uri": "^3.0.3", "@jridgewell/sourcemap-codec": "^1.4.10" } }, ""],

    "@libsql/client": ["@libsql/client@0.17.4", "", { "dependencies": { "@libsql/core": "^0.17.4", "@libsql/hrana-client": "^0.10.0", "js-base64": "^3.7.5", "libsql": "^0.5.28", "promise-limit": "^2.7.0" } }, ""],

    "@libsql/core": ["@libsql/core@0.17.4", "", { "dependencies": { "js-base64": "^3.7.5" } }, ""],

    "@libsql/hrana-client": ["@libsql/hrana-client@0.10.0", "", { "dependencies": { "@libsql/isomorphic-ws": "^0.1.5", "js-base64": "^3.7.5" } }, ""],

    "@libsql/isomorphic-ws": ["@libsql/isomorphic-ws@0.1.5", "", { "dependencies": { "@types/ws": "^8.5.4", "ws": "^8.13.0" } }, ""],

    "@libsql/linux-x64-gnu": ["@libsql/linux-x64-gnu@0.5.29", "", { "os": "linux", "cpu": "x64" }, ""],

    "@libsql/linux-x64-musl": ["@libsql/linux-x64-musl@0.5.29", "", { "os": "linux", "cpu": "x64" }, ""],

    "@neon-rs/load": ["@neon-rs/load@0.0.4", "", {}, ""],

    "@noble/ciphers": ["@noble/ciphers@2.2.0", "", {}, ""],

    "@noble/hashes": ["@noble/hashes@2.2.0", "", {}, ""],

    "@opentelemetry/semantic-conventions": ["@opentelemetry/semantic-conventions@1.41.1", "", {}, ""],

    "@poppinss/colors": ["@poppinss/colors@4.1.6", "", { "dependencies": { "kleur": "^4.1.5" } }, ""],

    "@poppinss/dumper": ["@poppinss/dumper@0.6.5", "", { "dependencies": { "@poppinss/colors": "^4.1.5", "@sindresorhus/is": "^7.0.2", "supports-color": "^10.0.0" } }, ""],

    "@poppinss/exception": ["@poppinss/exception@1.2.3", "", {}, ""],

    "@semaphore-pay/server": ["@semaphore-pay/server@0.1.39", "", { "dependencies": { "better-auth": "^1.6.20", "drizzle-orm": "^0.45.2", "hono": "^4.12.27", "ioredis": "^5.11.1" } }, "sha512-lQeQvSt9P8FG8uZ0jIykegl8O9CHL4IOMcMw+F0BuKdx2T3fI2IeZMqLozua+Ene/B8Z2a0ju3TVE4QoNbHsHQ=="],

    "@sindresorhus/is": ["@sindresorhus/is@7.2.0", "", {}, ""],

    "@speed-highlight/core": ["@speed-highlight/core@1.2.17", "", {}, ""],

    "@standard-schema/spec": ["@standard-schema/spec@1.1.0", "", {}, ""],

    "@types/node": ["@types/node@26.1.0", "", { "dependencies": { "undici-types": "~8.3.0" } }, ""],

    "@types/ws": ["@types/ws@8.18.1", "", { "dependencies": { "@types/node": "*" } }, ""],

    "ansi-wrap": ["ansi-wrap@0.1.0", "", {}, ""],

    "ansi-yellow": ["ansi-yellow@0.1.1", "", { "dependencies": { "ansi-wrap": "0.1.0" } }, ""],

    "arr-diff": ["arr-diff@1.1.0", "", { "dependencies": { "arr-flatten": "^1.0.1", "array-slice": "^0.2.3" } }, ""],

    "arr-flatten": ["arr-flatten@1.1.0", "", {}, ""],

    "array-slice": ["array-slice@0.2.3", "", {}, ""],

    "array-unique": ["array-unique@0.2.1", "", {}, ""],

    "async": ["async@1.5.2", "", {}, ""],

    "better-auth": ["better-auth@1.6.23", "", { "dependencies": { "@better-auth/core": "1.6.23", "@better-auth/drizzle-adapter": "1.6.23", "@better-auth/kysely-adapter": "1.6.23", "@better-auth/memory-adapter": "1.6.23", "@better-auth/mongo-adapter": "1.6.23", "@better-auth/prisma-adapter": "1.6.23", "@better-auth/telemetry": "1.6.23", "@better-auth/utils": "0.4.2", "@better-fetch/fetch": "1.3.1", "@noble/ciphers": "^2.1.1", "@noble/hashes": "^2.0.1", "better-call": "1.3.7", "defu": "^6.1.4", "jose": "^6.1.3", "kysely": "^0.28.17 || ^0.29.0", "nanostores": "^1.1.1", "zod": "^4.3.6" }, "peerDependencies": { "@lynx-js/react": "*", "@prisma/client": "^5.0.0 || ^6.0.0 || ^7.0.0", "@sveltejs/kit": "^2.0.0", "@tanstack/react-start": "^1.0.0", "@tanstack/solid-start": "^1.0.0", "better-sqlite3": "^12.0.0", "drizzle-kit": ">=0.31.4", "drizzle-orm": "^0.45.2", "mongodb": "^6.0.0 || ^7.0.0", "mysql2": "^3.0.0", "next": "^14.0.0 || ^15.0.0 || ^16.0.0", "pg": "^8.0.0", "prisma": "^5.0.0 || ^6.0.0 || ^7.0.0", "react": "^18.0.0 || ^19.0.0", "react-dom": "^18.0.0 || ^19.0.0", "solid-js": "^1.0.0", "svelte": "^4.0.0 || ^5.0.0", "vitest": "^2.0.0 || ^3.0.0 || ^4.0.0", "vue": "^3.0.0" }, "optionalPeers": ["@lynx-js/react", "@prisma/client", "@sveltejs/kit", "@tanstack/react-start", "@tanstack/solid-start", "better-sqlite3", "mongodb", "mysql2", "next", "pg", "prisma", "react", "react-dom", "solid-js", "svelte", "vitest", "vue"] }, ""],

    "better-call": ["better-call@1.3.7", "", { "dependencies": { "@better-auth/utils": "^0.4.0", "@better-fetch/fetch": "^1.1.21", "rou3": "^0.7.12", "set-cookie-parser": "^3.0.1" }, "peerDependencies": { "zod": "^4.0.0" } }, ""],

    "blake3-wasm": ["blake3-wasm@2.1.5", "", {}, ""],

    "bluebird": ["bluebird@2.11.0", "", {}, ""],

    "braces": ["braces@1.8.5", "", { "dependencies": { "expand-range": "^1.8.1", "preserve": "^0.2.0", "repeat-element": "^1.1.2" } }, ""],

    "buffer-from": ["buffer-from@1.1.2", "", {}, ""],

    "bun-types": ["bun-types@1.3.14", "", { "dependencies": { "@types/node": "*" } }, ""],

    "cluster-key-slot": ["cluster-key-slot@1.1.1", "", {}, ""],

    "component-emitter": ["component-emitter@1.3.1", "", {}, ""],

    "cookie": ["cookie@1.1.1", "", {}, ""],

    "core-util-is": ["core-util-is@1.0.3", "", {}, ""],

    "debug": ["debug@4.4.3", "", { "dependencies": { "ms": "^2.1.3" } }, ""],

    "deep-extend": ["deep-extend@0.6.0", "", {}, ""],

    "defu": ["defu@6.1.7", "", {}, ""],

    "denque": ["denque@2.1.0", "", {}, ""],

    "detect-file": ["detect-file@0.1.0", "", { "dependencies": { "fs-exists-sync": "^0.1.0" } }, ""],

    "detect-libc": ["detect-libc@2.1.2", "", {}, ""],

    "dotdir-regex": ["dotdir-regex@0.1.0", "", {}, ""],

    "drizzle-kit": ["drizzle-kit@0.31.10", "", { "dependencies": { "@drizzle-team/brocli": "^0.10.2", "@esbuild-kit/esm-loader": "^2.5.5", "esbuild": "^0.25.4", "tsx": "^4.21.0" }, "bin": "bin.cjs" }, ""],

    "drizzle-orm": ["drizzle-orm@0.45.2", "", { "peerDependencies": { "@aws-sdk/client-rds-data": ">=3", "@cloudflare/workers-types": ">=4", "@electric-sql/pglite": ">=0.2.0", "@libsql/client": ">=0.10.0", "@libsql/client-wasm": ">=0.10.0", "@neondatabase/serverless": ">=0.10.0", "@op-engineering/op-sqlite": ">=2", "@opentelemetry/api": "^1.4.1", "@planetscale/database": ">=1.13", "@prisma/client": "*", "@tidbcloud/serverless": "*", "@types/better-sqlite3": "*", "@types/pg": "*", "@types/sql.js": "*", "@upstash/redis": ">=1.34.7", "@vercel/postgres": ">=0.8.0", "@xata.io/client": "*", "better-sqlite3": ">=7", "bun-types": "*", "expo-sqlite": ">=14.0.0", "gel": ">=2", "knex": "*", "kysely": "*", "mysql2": ">=2", "pg": ">=8", "postgres": ">=3", "sql.js": ">=1", "sqlite3": ">=5" }, "optionalPeers": ["@aws-sdk/client-rds-data", "@cloudflare/workers-types", "@electric-sql/pglite", "@libsql/client-wasm", "@neondatabase/serverless", "@op-engineering/op-sqlite", "@opentelemetry/api", "@planetscale/database", "@prisma/client", "@tidbcloud/serverless", "@types/better-sqlite3", "@types/pg", "@types/sql.js", "@upstash/redis", "@vercel/postgres", "@xata.io/client", "better-sqlite3", "expo-sqlite", "gel", "knex", "mysql2", "pg", "postgres", "sql.js", "sqlite3"] }, ""],

    "ends-with": ["ends-with@0.2.0", "", {}, ""],

    "error-stack-parser-es": ["error-stack-parser-es@1.0.5", "", {}, ""],

    "esbuild": ["esbuild@0.25.12", "", { "optionalDependencies": { "@esbuild/linux-x64": "0.25.12" }, "bin": "bin/esbuild" }, ""],

    "expand-brackets": ["expand-brackets@0.1.5", "", { "dependencies": { "is-posix-bracket": "^0.1.0" } }, ""],

    "expand-range": ["expand-range@1.8.2", "", { "dependencies": { "fill-range": "^2.1.0" } }, ""],

    "expand-tilde": ["expand-tilde@1.2.2", "", { "dependencies": { "os-homedir": "^1.0.1" } }, ""],

    "export-files": ["export-files@2.1.1", "", { "dependencies": { "lazy-cache": "^1.0.3" } }, ""],

    "extend-shallow": ["extend-shallow@2.0.1", "", { "dependencies": { "is-extendable": "^0.1.0" } }, ""],

    "extglob": ["extglob@0.3.2", "", { "dependencies": { "is-extglob": "^1.0.0" } }, ""],

    "filename-regex": ["filename-regex@2.0.1", "", {}, ""],

    "fill-range": ["fill-range@2.2.4", "", { "dependencies": { "is-number": "^2.1.0", "isobject": "^2.0.0", "randomatic": "^3.0.0", "repeat-element": "^1.1.2", "repeat-string": "^1.5.2" } }, ""],

    "findup-sync": ["findup-sync@1.0.0", "", { "dependencies": { "detect-file": "^0.1.0", "is-glob": "^2.0.1", "micromatch": "^2.3.7", "resolve-dir": "^0.1.0" } }, ""],

    "for-in": ["for-in@0.1.8", "", {}, ""],

    "for-own": ["for-own@0.1.5", "", { "dependencies": { "for-in": "^1.0.1" } }, ""],

    "fs-exists-sync": ["fs-exists-sync@0.1.0", "", {}, ""],

    "get-tsconfig": ["get-tsconfig@4.14.0", "", { "dependencies": { "resolve-pkg-maps": "^1.0.0" } }, ""],

    "get-value": ["get-value@1.3.1", "", { "dependencies": { "arr-flatten": "^1.0.1", "is-extendable": "^0.1.1", "lazy-cache": "^0.2.4", "noncharacters": "^1.1.0" } }, ""],

    "glob-base": ["glob-base@0.3.0", "", { "dependencies": { "glob-parent": "^2.0.0", "is-glob": "^2.0.0" } }, ""],

    "glob-fs": ["glob-fs@0.1.7", "", { "dependencies": { "async": "^1.3.0", "bluebird": "^2.9.33", "component-emitter": "^1.2.0", "ends-with": "^0.2.0", "export-files": "^2.0.1", "extend-shallow": "^2.0.0", "get-value": "^1.1.5", "glob-fs-dotfiles": "^0.1.6", "glob-fs-gitignore": "^0.1.5", "glob-parent": "^1.2.0", "graceful-fs": "^4.1.2", "is-dotdir": "^0.1.0", "is-dotfile": "^1.0.1", "is-glob": "^2.0.0", "is-windows": "^0.1.0", "kind-of": "^2.0.0", "lazy-cache": "^0.1.0", "micromatch": "jonschlinkert/micromatch#2.2.0", "mixin-object": "^2.0.0", "object-visit": "^0.1.0", "object.omit": "^1.1.0", "parse-filepath": "^0.6.1", "relative": "^3.0.1", "set-value": "^0.2.0", "starts-with": "^1.0.2", "through2": "^2.0.0" } }, ""],

    "glob-fs-dotfiles": ["glob-fs-dotfiles@0.1.6", "", {}, ""],

    "glob-fs-gitignore": ["glob-fs-gitignore@0.1.6", "", { "dependencies": { "findup-sync": "^1.0.0", "micromatch": "^2.3.11", "parse-gitignore": "^0.2.0" } }, ""],

    "glob-parent": ["glob-parent@1.3.0", "", { "dependencies": { "is-glob": "^2.0.0" } }, ""],

    "global-modules": ["global-modules@0.2.3", "", { "dependencies": { "global-prefix": "^0.1.4", "is-windows": "^0.2.0" } }, ""],

    "global-prefix": ["global-prefix@0.1.5", "", { "dependencies": { "homedir-polyfill": "^1.0.0", "ini": "^1.3.4", "is-windows": "^0.2.0", "which": "^1.2.12" } }, ""],

    "graceful-fs": ["graceful-fs@4.2.11", "", {}, ""],

    "homedir-polyfill": ["homedir-polyfill@1.0.3", "", { "dependencies": { "parse-passwd": "^1.0.0" } }, ""],

    "hono": ["hono@4.12.27", "", {}, ""],

    "inherits": ["inherits@2.0.4", "", {}, ""],

    "ini": ["ini@1.3.8", "", {}, ""],

    "ioredis": ["ioredis@5.11.1", "", { "dependencies": { "@ioredis/commands": "1.10.0", "cluster-key-slot": "1.1.1", "debug": "4.4.3", "denque": "2.1.0", "redis-errors": "1.2.0", "redis-parser": "3.0.0", "standard-as-callback": "2.1.0" } }, ""],

    "is-absolute": ["is-absolute@0.2.6", "", { "dependencies": { "is-relative": "^0.2.1", "is-windows": "^0.2.0" } }, ""],

    "is-buffer": ["is-buffer@1.1.6", "", {}, ""],

    "is-dotdir": ["is-dotdir@0.1.0", "", { "dependencies": { "dotdir-regex": "^0.1.0" } }, ""],

    "is-dotfile": ["is-dotfile@1.0.3", "", {}, ""],

    "is-equal-shallow": ["is-equal-shallow@0.1.3", "", { "dependencies": { "is-primitive": "^2.0.0" } }, ""],

    "is-extendable": ["is-extendable@0.1.1", "", {}, ""],

    "is-extglob": ["is-extglob@1.0.0", "", {}, ""],

    "is-glob": ["is-glob@2.0.1", "", { "dependencies": { "is-extglob": "^1.0.0" } }, ""],

    "is-number": ["is-number@2.1.0", "", { "dependencies": { "kind-of": "^3.0.2" } }, ""],

    "is-posix-bracket": ["is-posix-bracket@0.1.1", "", {}, ""],

    "is-primitive": ["is-primitive@2.0.0", "", {}, ""],

    "is-relative": ["is-relative@0.2.1", "", { "dependencies": { "is-unc-path": "^0.1.1" } }, ""],

    "is-unc-path": ["is-unc-path@0.1.2", "", { "dependencies": { "unc-path-regex": "^0.1.0" } }, ""],

    "is-windows": ["is-windows@0.1.1", "", {}, ""],

    "isarray": ["isarray@1.0.0", "", {}, ""],

    "isexe": ["isexe@2.0.0", "", {}, ""],

    "isobject": ["isobject@1.0.2", "", {}, ""],

    "jose": ["jose@6.2.3", "", {}, ""],

    "js-base64": ["js-base64@3.8.0", "", {}, ""],

    "kind-of": ["kind-of@2.0.1", "", { "dependencies": { "is-buffer": "^1.0.2" } }, ""],

    "kleur": ["kleur@4.1.5", "", {}, ""],

    "kysely": ["kysely@0.29.2", "", {}, ""],

    "lazy-cache": ["lazy-cache@0.1.0", "", { "dependencies": { "ansi-yellow": "^0.1.1" } }, ""],

    "libsql": ["libsql@0.5.29", "", { "dependencies": { "@neon-rs/load": "^0.0.4", "detect-libc": "2.0.2" }, "optionalDependencies": { "@libsql/linux-x64-gnu": "0.5.29", "@libsql/linux-x64-musl": "0.5.29" }, "os": [ "linux", "win32", "darwin", ], "cpu": [ "arm", "x64", "arm64", ] }, ""],

    "lodash": ["lodash@4.18.1", "", {}, ""],

    "map-cache": ["map-cache@0.2.2", "", {}, ""],

    "math-random": ["math-random@1.0.4", "", {}, ""],

    "micromatch": ["micromatch@git+ssh://git@github.com/jonschlinkert/micromatch.git#5017fd78202e04c684cc31d3c2fb1f469ea222ff", { "dependencies": { "arr-diff": "^1.0.1", "array-unique": "^0.2.1", "braces": "^1.8.0", "expand-brackets": "^0.1.1", "extglob": "^0.3.0", "filename-regex": "^2.0.0", "is-glob": "^1.1.3", "kind-of": "^1.1.0", "object.omit": "^1.1.0", "parse-glob": "^3.0.1", "regex-cache": "^0.4.2" } }, "5017fd78202e04c684cc31d3c2fb1f469ea222ff"],

    "miniflare": ["miniflare@4.20260701.0", "", { "dependencies": { "@cspotcode/source-map-support": "0.8.1", "sharp": "0.34.5", "undici": "7.28.0", "workerd": "1.20260701.1", "ws": "8.21.0", "youch": "4.1.0-beta.10" }, "bin": "bootstrap.js" }, ""],

    "minimist": ["minimist@1.2.8", "", {}, ""],

    "mixin-object": ["mixin-object@2.0.1", "", { "dependencies": { "for-in": "^0.1.3", "is-extendable": "^0.1.1" } }, ""],

    "ms": ["ms@2.1.3", "", {}, ""],

    "nanostores": ["nanostores@1.4.0", "", {}, ""],

    "noncharacters": ["noncharacters@1.1.0", "", {}, ""],

    "normalize-path": ["normalize-path@2.1.1", "", { "dependencies": { "remove-trailing-separator": "^1.0.1" } }, ""],

    "object-visit": ["object-visit@0.1.0", "", { "dependencies": { "isobject": "^1.0.0" } }, ""],

    "object.omit": ["object.omit@1.1.0", "", { "dependencies": { "for-own": "^0.1.3", "isobject": "^1.0.0" } }, ""],

    "os-homedir": ["os-homedir@1.0.2", "", {}, ""],

    "parse-filepath": ["parse-filepath@0.6.3", "", { "dependencies": { "is-absolute": "^0.2.2", "map-cache": "^0.2.0" } }, ""],

    "parse-gitignore": ["parse-gitignore@0.2.0", "", { "dependencies": { "ends-with": "^0.2.0", "is-glob": "^2.0.0", "starts-with": "^1.0.0" } }, ""],

    "parse-glob": ["parse-glob@3.0.4", "", { "dependencies": { "glob-base": "^0.3.0", "is-dotfile": "^1.0.0", "is-extglob": "^1.0.0", "is-glob": "^2.0.0" } }, ""],

    "parse-passwd": ["parse-passwd@1.0.0", "", {}, ""],

    "path-to-regexp": ["path-to-regexp@6.3.0", "", {}, ""],

    "pathe": ["pathe@2.0.3", "", {}, ""],

    "preserve": ["preserve@0.2.0", "", {}, ""],

    "prettier": ["prettier@1.19.1", "", { "bin": "bin-prettier.js" }, ""],

    "prettierrc": ["prettierrc@0.0.0-5", "", { "dependencies": { "glob-fs": "^0.1.6", "lodash": "^4.17.4", "rc": "^1.2.1" }, "peerDependencies": { "prettier": "^1.3.1" }, "bin": "index.js" }, ""],

    "process-nextick-args": ["process-nextick-args@2.0.1", "", {}, ""],

    "promise-limit": ["promise-limit@2.7.0", "", {}, ""],

    "randomatic": ["randomatic@3.1.1", "", { "dependencies": { "is-number": "^4.0.0", "kind-of": "^6.0.0", "math-random": "^1.0.1" } }, ""],

    "rc": ["rc@1.2.8", "", { "dependencies": { "deep-extend": "^0.6.0", "ini": "~1.3.0", "minimist": "^1.2.0", "strip-json-comments": "~2.0.1" }, "bin": "cli.js" }, ""],

    "readable-stream": ["readable-stream@2.3.8", "", { "dependencies": { "core-util-is": "~1.0.0", "inherits": "~2.0.3", "isarray": "~1.0.0", "process-nextick-args": "~2.0.0", "safe-buffer": "~5.1.1", "string_decoder": "~1.1.1", "util-deprecate": "~1.0.1" } }, ""],

    "redis-errors": ["redis-errors@1.2.0", "", {}, ""],

    "redis-parser": ["redis-parser@3.0.0", "", { "dependencies": { "redis-errors": "^1.0.0" } }, ""],

    "regex-cache": ["regex-cache@0.4.4", "", { "dependencies": { "is-equal-shallow": "^0.1.3" } }, ""],

    "relative": ["relative@3.0.2", "", { "dependencies": { "isobject": "^2.0.0" } }, ""],

    "remove-trailing-separator": ["remove-trailing-separator@1.1.0", "", {}, ""],

    "repeat-element": ["repeat-element@1.1.4", "", {}, ""],

    "repeat-string": ["repeat-string@1.6.1", "", {}, ""],

    "resolve-dir": ["resolve-dir@0.1.1", "", { "dependencies": { "expand-tilde": "^1.2.2", "global-modules": "^0.2.3" } }, ""],

    "resolve-pkg-maps": ["resolve-pkg-maps@1.0.0", "", {}, ""],

    "rou3": ["rou3@0.7.12", "", {}, ""],

    "safe-buffer": ["safe-buffer@5.1.2", "", {}, ""],

    "semver": ["semver@7.8.5", "", { "bin": "bin/semver.js" }, ""],

    "set-cookie-parser": ["set-cookie-parser@3.1.1", "", {}, ""],

    "set-value": ["set-value@0.2.0", "", { "dependencies": { "isobject": "^1.0.0", "noncharacters": "^1.1.0" } }, ""],

    "sharp": ["sharp@0.34.5", "", { "dependencies": { "@img/colour": "^1.0.0", "detect-libc": "^2.1.2", "semver": "^7.7.3" }, "optionalDependencies": { "@img/sharp-libvips-linux-x64": "1.2.4", "@img/sharp-libvips-linuxmusl-x64": "1.2.4", "@img/sharp-linux-x64": "0.34.5", "@img/sharp-linuxmusl-x64": "0.34.5" } }, ""],

    "source-map": ["source-map@0.6.1", "", {}, ""],

    "source-map-support": ["source-map-support@0.5.21", "", { "dependencies": { "buffer-from": "^1.0.0", "source-map": "^0.6.0" } }, ""],

    "standard-as-callback": ["standard-as-callback@2.1.0", "", {}, ""],

    "starts-with": ["starts-with@1.0.2", "", {}, ""],

    "string_decoder": ["string_decoder@1.1.1", "", { "dependencies": { "safe-buffer": "~5.1.0" } }, ""],

    "strip-json-comments": ["strip-json-comments@2.0.1", "", {}, ""],

    "supports-color": ["supports-color@10.2.2", "", {}, ""],

    "through2": ["through2@2.0.5", "", { "dependencies": { "readable-stream": "~2.3.6", "xtend": "~4.0.1" } }, ""],

    "tsx": ["tsx@4.23.0", "", { "dependencies": { "esbuild": "~0.28.0" }, "bin": "dist/cli.mjs" }, ""],

    "unc-path-regex": ["unc-path-regex@0.1.2", "", {}, ""],

    "undici": ["undici@7.28.0", "", {}, ""],

    "undici-types": ["undici-types@8.3.0", "", {}, ""],

    "unenv": ["unenv@2.0.0-rc.24", "", { "dependencies": { "pathe": "^2.0.3" } }, ""],

    "util-deprecate": ["util-deprecate@1.0.2", "", {}, ""],

    "which": ["which@1.3.1", "", { "dependencies": { "isexe": "^2.0.0" }, "bin": "bin/which" }, ""],

    "workerd": ["workerd@1.20260701.1", "", { "optionalDependencies": { "@cloudflare/workerd-linux-64": "1.20260701.1" }, "bin": "bin/workerd" }, ""],

    "wrangler": ["wrangler@4.107.0", "", { "dependencies": { "@cloudflare/kv-asset-handler": "0.5.0", "@cloudflare/unenv-preset": "2.16.1", "blake3-wasm": "2.1.5", "esbuild": "0.28.1", "miniflare": "4.20260701.0", "path-to-regexp": "6.3.0", "unenv": "2.0.0-rc.24", "workerd": "1.20260701.1" }, "peerDependencies": { "@cloudflare/workers-types": "^4.20260701.1" }, "optionalPeers": ["@cloudflare/workers-types"], "bin": { "cf-wrangler": "bin/cf-wrangler.js", "wrangler": "bin/wrangler.js", "wrangler2": "bin/wrangler.js" } }, ""],

    "ws": ["ws@8.21.0", "", { "peerDependencies": { "bufferutil": "^4.0.1", "utf-8-validate": ">=5.0.2" }, "optionalPeers": ["bufferutil", "utf-8-validate"] }, ""],

    "xtend": ["xtend@4.0.2", "", {}, ""],

    "youch": ["youch@4.1.0-beta.10", "", { "dependencies": { "@poppinss/colors": "^4.1.5", "@poppinss/dumper": "^0.6.4", "@speed-highlight/core": "^1.2.7", "cookie": "^1.0.2", "youch-core": "^0.3.3" } }, ""],

    "youch-core": ["youch-core@0.3.3", "", { "dependencies": { "@poppinss/exception": "^1.2.2", "error-stack-parser-es": "^1.0.5" } }, ""],

    "zod": ["zod@4.4.3", "", {}, ""],

    "@esbuild-kit/core-utils/esbuild": ["esbuild@0.18.20", "", { "optionalDependencies": { "@esbuild/linux-x64": "0.18.20" }, "bin": "bin/esbuild" }, ""],

    "export-files/lazy-cache": ["lazy-cache@1.0.4", "", {}, ""],

    "fill-range/isobject": ["isobject@2.1.0", "", { "dependencies": { "isarray": "1.0.0" } }, ""],

    "findup-sync/micromatch": ["micromatch@2.3.11", "", { "dependencies": { "arr-diff": "^2.0.0", "array-unique": "^0.2.1", "braces": "^1.8.2", "expand-brackets": "^0.1.4", "extglob": "^0.3.1", "filename-regex": "^2.0.0", "is-extglob": "^1.0.0", "is-glob": "^2.0.1", "kind-of": "^3.0.2", "normalize-path": "^2.0.1", "object.omit": "^2.0.0", "parse-glob": "^3.0.4", "regex-cache": "^0.4.2" } }, ""],

    "for-own/for-in": ["for-in@1.0.2", "", {}, ""],

    "get-value/lazy-cache": ["lazy-cache@0.2.7", "", {}, ""],

    "glob-base/glob-parent": ["glob-parent@2.0.0", "", { "dependencies": { "is-glob": "^2.0.0" } }, ""],

    "glob-fs-gitignore/micromatch": ["micromatch@2.3.11", "", { "dependencies": { "arr-diff": "^2.0.0", "array-unique": "^0.2.1", "braces": "^1.8.2", "expand-brackets": "^0.1.4", "extglob": "^0.3.1", "filename-regex": "^2.0.0", "is-extglob": "^1.0.0", "is-glob": "^2.0.1", "kind-of": "^3.0.2", "normalize-path": "^2.0.1", "object.omit": "^2.0.0", "parse-glob": "^3.0.4", "regex-cache": "^0.4.2" } }, ""],

    "global-modules/is-windows": ["is-windows@0.2.0", "", {}, ""],

    "global-prefix/is-windows": ["is-windows@0.2.0", "", {}, ""],

    "is-absolute/is-windows": ["is-windows@0.2.0", "", {}, ""],

    "is-number/kind-of": ["kind-of@3.2.2", "", { "dependencies": { "is-buffer": "^1.1.5" } }, ""],

    "libsql/detect-libc": ["detect-libc@2.0.2", "", {}, ""],

    "micromatch/is-glob": ["is-glob@1.1.3", "", {}, ""],

    "micromatch/kind-of": ["kind-of@1.1.0", "", {}, ""],

    "randomatic/is-number": ["is-number@4.0.0", "", {}, ""],

    "randomatic/kind-of": ["kind-of@6.0.3", "", {}, ""],

    "relative/isobject": ["isobject@2.1.0", "", { "dependencies": { "isarray": "1.0.0" } }, ""],

    "tsx/esbuild": ["esbuild@0.28.1", "", { "optionalDependencies": { "@esbuild/linux-x64": "0.28.1" }, "bin": "bin/esbuild" }, ""],

    "wrangler/esbuild": ["esbuild@0.28.1", "", { "optionalDependencies": { "@esbuild/linux-x64": "0.28.1" }, "bin": "bin/esbuild" }, ""],

    "@esbuild-kit/core-utils/esbuild/@esbuild/linux-x64": ["@esbuild/linux-x64@0.18.20", "", { "os": "linux", "cpu": "x64" }, ""],

    "findup-sync/micromatch/arr-diff": ["arr-diff@2.0.0", "", { "dependencies": { "arr-flatten": "^1.0.1" } }, ""],

    "findup-sync/micromatch/kind-of": ["kind-of@3.2.2", "", { "dependencies": { "is-buffer": "^1.1.5" } }, ""],

    "findup-sync/micromatch/object.omit": ["object.omit@2.0.1", "", { "dependencies": { "for-own": "^0.1.4", "is-extendable": "^0.1.1" } }, ""],

    "glob-fs-gitignore/micromatch/arr-diff": ["arr-diff@2.0.0", "", { "dependencies": { "arr-flatten": "^1.0.1" } }, ""],

    "glob-fs-gitignore/micromatch/kind-of": ["kind-of@3.2.2", "", { "dependencies": { "is-buffer": "^1.1.5" } }, ""],

    "glob-fs-gitignore/micromatch/object.omit": ["object.omit@2.0.1", "", { "dependencies": { "for-own": "^0.1.4", "is-extendable": "^0.1.1" } }, ""],

    "tsx/esbuild/@esbuild/linux-x64": ["@esbuild/linux-x64@0.28.1", "", { "os": "linux", "cpu": "x64" }, ""],

    "wrangler/esbuild/@esbuild/linux-x64": ["@esbuild/linux-x64@0.28.1", "", { "os": "linux", "cpu": "x64" }, ""],
  }
}
